
Microsoft Visual Studio Solution File, Format Version 12.00
# Visual Studio Version 17
VisualStudioVersion = 17.11.35312.102
MinimumVisualStudioVersion = 10.0.40219.1
Project("{9A19103F-16F7-4668-BE54-9A1E7A4F7556}") = "BiteLogLibrary", "BiteLogLibrary\BiteLogLibrary.csproj", "{F91ECAEF-B456-4810-BA9B-8148186F4E8F}"
EndProject
Project("{9A19103F-16F7-4668-BE54-9A1E7A4F7556}") = "BiteLogRESTAPI", "BiteLogRESTAPI\BiteLogRESTAPI.csproj", "{6A079997-7926-423C-91AE-D934B408505A}"
EndProject
Project("{FAE04EC0-301F-11D3-BF4B-00C04F79EFBC}") = "Unit Test", "Unit Test\Unit Test.csproj", "{4C096286-8C2C-4B32-B224-131990903372}"
EndProject
Global
	GlobalSection(SolutionConfigurationPlatforms) = preSolution
		Debug|Any CPU = Debug|Any CPU
		Release|Any CPU = Release|Any CPU
	EndGlobalSection
	GlobalSection(ProjectConfigurationPlatforms) = postSolution
		{F91ECAEF-B456-4810-BA9B-8148186F4E8F}.Debug|Any CPU.ActiveCfg = Debug|Any CPU
		{F91ECAEF-B456-4810-BA9B-8148186F4E8F}.Debug|Any CPU.Build.0 = Debug|Any CPU
		{F91ECAEF-B456-4810-BA9B-8148186F4E8F}.Release|Any CPU.ActiveCfg = Release|Any CPU
		{F91ECAEF-B456-4810-BA9B-8148186F4E8F}.Release|Any CPU.Build.0 = Release|Any CPU
		{6A079997-7926-423C-91AE-D934B408505A}.Debug|Any CPU.ActiveCfg = Debug|Any CPU
		{6A079997-7926-423C-91AE-D934B408505A}.Debug|Any CPU.Build.0 = Debug|Any CPU
		{6A079997-7926-423C-91AE-D934B408505A}.Release|Any CPU.ActiveCfg = Release|Any CPU
		{6A079997-7926-423C-91AE-D934B408505A}.Release|Any CPU.Build.0 = Release|Any CPU
		{4C096286-8C2C-4B32-B224-131990903372}.Debug|Any CPU.ActiveCfg = Debug|Any CPU
		{4C096286-8C2C-4B32-B224-131990903372}.Debug|Any CPU.Build.0 = Debug|Any CPU
		{4C096286-8C2C-4B32-B224-131990903372}.Release|Any CPU.ActiveCfg = Release|Any CPU
		{4C096286-8C2C-4B32-B224-131990903372}.Release|Any CPU.Build.0 = Release|Any CPU
	EndGlobalSection
	GlobalSection(SolutionProperties) = preSolution
		HideSolutionNode = FALSE
	EndGlobalSection
	GlobalSection(ExtensibilityGlobals) = postSolution
		SolutionGuid = {F42EEDE4-DE41-49BC-B16B-DEC22CE14764}
	EndGlobalSection
EndGlobal
